
Microsoft Visual Studio Solution File, Format Version 12.00
# Visual Studio Version 16
VisualStudioVersion = 16.0.30204.135
MinimumVisualStudioVersion = 10.0.40219.1
Project("{FAE04EC0-301F-11D3-BF4B-00C04F79EFBC}") = "backend-project", "backend-project\backend-project.csproj", "{64F7F7DC-D7EE-42D7-8D98-216922DF777D}"
EndProject
Global
	GlobalSection(SolutionConfigurationPlatforms) = preSolution
		Debug|Any CPU = Debug|Any CPU
		Release|Any CPU = Release|Any CPU
	EndGlobalSection
	GlobalSection(ProjectConfigurationPlatforms) = postSolution
		{64F7F7DC-D7EE-42D7-8D98-216922DF777D}.Debug|Any CPU.ActiveCfg = Debug|Any CPU
		{64F7F7DC-D7EE-42D7-8D98-216922DF777D}.Debug|Any CPU.Build.0 = Debug|Any CPU
		{64F7F7DC-D7EE-42D7-8D98-216922DF777D}.Release|Any CPU.ActiveCfg = Release|Any CPU
		{64F7F7DC-D7EE-42D7-8D98-216922DF777D}.Release|Any CPU.Build.0 = Release|Any CPU
	EndGlobalSection
	GlobalSection(SolutionProperties) = preSolution
		HideSolutionNode = FALSE
	EndGlobalSection
	GlobalSection(ExtensibilityGlobals) = postSolution
		SolutionGuid = {B256FF87-071D-4251-BE2D-66D10F08B2E9}
	EndGlobalSection
EndGlobal
